lockfileVersion: '9.0'

settings:
  autoInstallPeers: true
  excludeLinksFromLockfile: false

importers:

  .:
    dependencies:
      '@deepseek-ai/schemastery':
        specifier: ^3.18.1
        version: 3.18.1
      '@volcengine/ark-runtime':
        specifier: ^1.0.10
        version: 1.0.10(debug@4.4.3)
      eventsource-parser:
        specifier: ^3.1.0
        version: 3.1.1
    devDependencies:
      '@deepseek-ai/dsh-atomic-write':
        specifier: ^0.1.1-rc.2
        version: 0.1.1-rc.2(@deepseek-ai/cordis@4.0.1)(@deepseek-ai/dsh-invariants@0.1.1-rc.2(@deepseek-ai/cordis@4.0.1))
      '@deepseek-ai/dsh-credentials':
        specifier: ^0.1.1-rc.2
        version: 0.1.1-rc.2(@deepseek-ai/cordis@4.0.1)(@deepseek-ai/dsh-brand@0.1.1-rc.2(@deepseek-ai/cordis@4.0.1)(@deepseek-ai/dsh-invariants@0.1.1-rc.2(@deepseek-ai/cordis@4.0.1)))(@deepseek-ai/dsh-invariants@0.1.1-rc.2(@deepseek-ai/cordis@4.0.1))
      '@deepseek-ai/dsh-home-paths':
        specifier: ^0.1.1-rc.2
        version: 0.1.1-rc.2(@deepseek-ai/cordis@4.0.1)(@deepseek-ai/dsh-invariants@0.1.1-rc.2(@deepseek-ai/cordis@4.0.1))
      '@deepseek-ai/dsh-launch-environment':
        specifier: ^0.1.1-rc.2
        version: 0.1.1-rc.2(@deepseek-ai/cordis@4.0.1)(@deepseek-ai/dsh-invariants@0.1.1-rc.2(@deepseek-ai/cordis@4.0.1))
      '@deepseek-ai/dsh-llm':
        specifier: ^0.1.1-rc.2
        version: 0.1.1-rc.2(@deepseek-ai/cordis@4.0.1)(@deepseek-ai/dsh-attachment@0.1.1-rc.2(@deepseek-ai/cordis@4.0.1)(@deepseek-ai/dsh-brand@0.1.1-rc.2(@deepseek-ai/cordis@4.0.1)(@deepseek-ai/dsh-invariants@0.1.1-rc.2(@deepseek-ai/cordis@4.0.1)))(@deepseek-ai/dsh-invariants@0.1.1-rc.2(@deepseek-ai/cordis@4.0.1)))(@deepseek-ai/dsh-brand@0.1.1-rc.2(@deepseek-ai/cordis@4.0.1)(@deepseek-ai/dsh-invariants@0.1.1-rc.2(@deepseek-ai/cordis@4.0.1)))(@deepseek-ai/dsh-invariants@0.1.1-rc.2(@deepseek-ai/cordis@4.0.1))(@deepseek-ai/dsh-timeout@0.1.1-rc.2(@deepseek-ai/cordis@4.0.1)(@deepseek-ai/dsh-invariants@0.1.1-rc.2(@deepseek-ai/cordis@4.0.1)))
      '@deepseek-ai/dsh-settings':
        specifier: ^0.1.1-rc.2
        version: 0.1.1-rc.2(@deepseek-ai/cordis@4.0.1)(@deepseek-ai/dsh-brand@0.1.1-rc.2(@deepseek-ai/cordis@4.0.1)(@deepseek-ai/dsh-invariants@0.1.1-rc.2(@deepseek-ai/cordis@4.0.1)))(@deepseek-ai/dsh-invariants@0.1.1-rc.2(@deepseek-ai/cordis@4.0.1))(@deepseek-ai/schemastery@3.18.1)
      '@deepseek-ai/dsh-timeout':
        specifier: ^0.1.1-rc.2
        version: 0.1.1-rc.2(@deepseek-ai/cordis@4.0.1)(@deepseek-ai/dsh-invariants@0.1.1-rc.2(@deepseek-ai/cordis@4.0.1))
      react:
        specifier: ^18.3.1
        version: 18.3.1
      react-dom:
        specifier: ^18.3.1
        version: 18.3.1(react@18.3.1)

packages:

  '@deepseek-ai/cordis@4.0.1':
    resolution: {integrity: sha512-YBdskTU2Po1kru3GgcUWUbkTsPMA9LkSQDAY8rBkFJeajdgcQad3QPJZE26JyK99Xb6HaASvoXg2DSUTeN/0Nw==}
    hasBin: true
    peerDependencies:
      '@deepseek-ai/cordis-plugin-include': ^1.0.6
      '@deepseek-ai/cordis-plugin-loader': ^1.0.2
    peerDependenciesMeta:
      '@deepseek-ai/cordis-plugin-include':
        optional: true
      '@deepseek-ai/cordis-plugin-loader':
        optional: true

  '@deepseek-ai/cosmokit@1.8.2':
    resolution: {integrity: sha512-muBOKtSrUKU5m/xpq8ZXWL6hQ/jgd4PhU2PqH97bcxIiLEJfNwZOGQEx4t/aS/GgxRAR+ra9pMHPMtTHU4sqqA==}

  '@deepseek-ai/dsh-atomic-write@0.1.1-rc.2':
    resolution: {integrity: sha512-QqNSF0+Ddn6qWY480dlilwEy6FLv3JKEWx1UQgoNJrxD4y54SDRzqBQB9yDXWKOoOGyC+05TN6/Px10GNIzMWA==}
    peerDependencies:
      '@deepseek-ai/cordis': ^4.0.1
      '@deepseek-ai/dsh-invariants': ^0.1.1-rc.2

  '@deepseek-ai/dsh-attachment@0.1.1-rc.2':
    resolution: {integrity: sha512-rCYAt8QsawP1yfDCU7XxNwYT/XWvyFsxYrkwhLLkdfW83QVD0CQHizSkTQE7RFX74nKUD1z3sTLfnLr7xneArw==}
    peerDependencies:
      '@deepseek-ai/cordis': ^4.0.1
      '@deepseek-ai/dsh-brand': ^0.1.1-rc.2
      '@deepseek-ai/dsh-invariants': ^0.1.1-rc.2

  '@deepseek-ai/dsh-brand@0.1.1-rc.2':
    resolution: {integrity: sha512-8vXsAXoUdzKAgvd/E9DgyT6HKmR6ZM4rtJ3fs/XoJ6n2kBk4tWil8Lv+jxCMWJeMOnTJF55gu2+NWQ3ECFPtJw==}
    peerDependencies:
      '@deepseek-ai/cordis': ^4.0.1
      '@deepseek-ai/dsh-invariants': ^0.1.1-rc.2

  '@deepseek-ai/dsh-credentials@0.1.1-rc.2':
    resolution: {integrity: sha512-aeVBaH07rox7NuSNbSqbz8g0eNb2IIhNbrZngj/VxUsr/TR9TXOq7lm1CL6SBUDlstGw3vNWeXyhim/DmA5iSQ==}
    peerDependencies:
      '@deepseek-ai/cordis': ^4.0.1
      '@deepseek-ai/dsh-brand': ^0.1.1-rc.2
      '@deepseek-ai/dsh-invariants': ^0.1.1-rc.2

  '@deepseek-ai/dsh-home-paths@0.1.1-rc.2':
    resolution: {integrity: sha512-lGsP7sbnu20AiRAb+gxYiKx9oa9r1D/8Fr6BwWHXpaPx6ZE4Qg0+ybh5SZVfGQ+XhLcQisu3nwWemEjtTJGiig==}
    peerDependencies:
      '@deepseek-ai/cordis': ^4.0.1
      '@deepseek-ai/dsh-invariants': ^0.1.1-rc.2

  '@deepseek-ai/dsh-invariants@0.1.1-rc.2':
    resolution: {integrity: sha512-l+1Om/EDFyMjhgSuEx2WDLLA2fia/+ga9mBTCoT/MMslsnWaK5G0/lWwbwlTBSaJ6OfmYc3DuBgox8DbgIGHRQ==}
    peerDependencies:
      '@deepseek-ai/cordis': ^4.0.1

  '@deepseek-ai/dsh-launch-environment@0.1.1-rc.2':
    resolution: {integrity: sha512-LIjPUPwaZ2cIiz98Oqxn9TDKXhWlp+0EGmUhk4RerBAkqRVtDl0B/leK1pSZLLIR+qcr+VAwLGJagY8Xm9XWvw==}
    peerDependencies:
      '@deepseek-ai/cordis': ^4.0.1
      '@deepseek-ai/dsh-invariants': ^0.1.1-rc.2

  '@deepseek-ai/dsh-llm@0.1.1-rc.2':
    resolution: {integrity: sha512-ASJfjIdZbIXvLwi3rGo+eZb/GxMVV/WO5/XVD3B96mT8EIzrlw3+nMR6/CvmJVzcycKQ2XN0wj7jD6TasPRySA==}
    peerDependencies:
      '@deepseek-ai/cordis': ^4.0.1
      '@deepseek-ai/dsh-attachment': ^0.1.1-rc.2
      '@deepseek-ai/dsh-brand': ^0.1.1-rc.2
      '@deepseek-ai/dsh-invariants': ^0.1.1-rc.2
      '@deepseek-ai/dsh-timeout': ^0.1.1-rc.2

  '@deepseek-ai/dsh-settings@0.1.1-rc.2':
    resolution: {integrity: sha512-iGdKEt91Im3gE7xA9CzRfTJsPcFcxDeDOCLhAjzbpjEv7TAjx/EoYP7lPtiy+QmOjKSKy206SEtAKol9PXWbOw==}
    peerDependencies:
      '@deepseek-ai/cordis': ^4.0.1
      '@deepseek-ai/dsh-brand': ^0.1.1-rc.2
      '@deepseek-ai/dsh-invariants': ^0.1.1-rc.2
      '@deepseek-ai/schemastery': ^3.18.1

  '@deepseek-ai/dsh-timeout@0.1.1-rc.2':
    resolution: {integrity: sha512-RrouVgU3G5gXr9zHhpThkMG6YKdcRJzXXdPm1dq3ioBxbvxlfMSfNY4tN8lWMJxLyGtvWkPra0HQX+YWxvdOOA==}
    peerDependencies:
      '@deepseek-ai/cordis': ^4.0.1
      '@deepseek-ai/dsh-invariants': ^0.1.1-rc.2

  '@deepseek-ai/schemastery@3.18.1':
    resolution: {integrity: sha512-Qn0FCSwCQnpnj6SB31I6i2sIKgKWnkbJM8O0EU91Gv2UsYVvtZTl6IA0sCwk2e2MZf5S8w5hpq9QkeVvK9qwxg==}

  '@protobufjs/aspromise@1.1.2':
    resolution: {integrity: sha512-j+gKExEuLmKwvz3OgROXtrJ2UG2x8Ch2YZUxahh+s1F2HZ+wAceUNLkvy6zKCPVRkU++ZWQrdxsUeQXmcg4uoQ==}

  '@protobufjs/base64@1.1.2':
    resolution: {integrity: sha512-AZkcAA5vnN/v4PDqKyMR5lx7hZttPDgClv83E//FMNhR2TMcLUhfRUBHCmSl0oi9zMgDDqRUJkSxO3wm85+XLg==}

  '@protobufjs/codegen@2.0.5':
    resolution: {integrity: sha512-zgXFLzW3Ap33e6d0Wlj4MGIm6Ce8O89n/apUaGNB/jx+hw+ruWEp7EwGUshdLKVRCxZW12fp9r40E1mQrf/34g==}

  '@protobufjs/eventemitter@1.1.1':
    resolution: {integrity: sha512-vW1GmwMZNnL+gMRaovlh9yZX74kc+TTU3FObkkurpMaRtBfLP3ldjS9KQWlwZgraRE0+dheEEoAxdzcJQ8eXZg==}

  '@protobufjs/fetch@1.1.1':
    resolution: {integrity: sha512-GpptLrs57adMSuHi3VNj0mAF8dwh36LMaYF6XyJ6JMWlVsc+t42tm1HSEDmOs3A8fC9yyeisgLhsTVQokOZ0zw==}

  '@protobufjs/float@1.0.2':
    resolution: {integrity: sha512-Ddb+kVXlXst9d+R9PfTIxh1EdNkgoRe5tOX6t01f1lYWOvJnSPDBlG241QLzcyPdoNTsblLUdujGSE4RzrTZGQ==}

  '@protobufjs/inquire@1.1.2':
    resolution: {integrity: sha512-pa0vFRuws4wkvaXKK1uXZMAwAX4/t8ANaJo45iw/oQHNQ9q5xUzwgFmVJGXiga2BeN+zpX7Vf9vmsiIa2J+MUw==}

  '@protobufjs/path@1.1.2':
    resolution: {integrity: sha512-6JOcJ5Tm08dOHAbdR3GrvP+yUUfkjG5ePsHYczMFLq3ZmMkAD98cDgcT2iA1lJ9NVwFd4tH/iSSoe44YWkltEA==}

  '@protobufjs/pool@1.1.0':
    resolution: {integrity: sha512-0kELaGSIDBKvcgS4zkjz1PeddatrjYcmMWOlAuAPwAeccUrPHdUqo/J6LiymHHEiJT5NrF1UVwxY14f+fy4WQw==}

  '@protobufjs/utf8@1.1.2':
    resolution: {integrity: sha512-b1UQwcEZ4yCnMCD8DAL1VlbvBJE9/IX4FTIp7BG1xYpf29SLazLSrqUkj4w7Y5y7cCVP6E5tcqqcI0xemPkHug==}

  '@standard-schema/spec@1.1.0':
    resolution: {integrity: sha512-l2aFy5jALhniG5HgqrD6jXLi/rUWrKvqN/qJx6yoJsgKhblVd+iqqU4RCXavm/jPityDo5TCvKMnpjKnOriy0w==}

  '@types/node@26.4.0':
    resolution: {integrity: sha512-faiGnoIrLH/V8cibOMEAZ8pMw6oXqSukl29ra4mN8GdaB2ZewzeaLj+INpV5N+Z1eKWzY+IzaIZH2EIR6YZRNQ==}

  '@volcengine/ark-runtime@1.0.10':
    resolution: {integrity: sha512-Oihkz/+IxXbKSZasmwuKDm7D8ewm04xVId080SE5e25ubaWl+0Ym2EwIG6QRmD6NOa7aemEg8AfCd7m+9oS5xQ==}
    engines: {node: '>=18'}

  '@volcengine/ark@1.0.3':
    resolution: {integrity: sha512-cC9fPBtmLc1ZZp56kAxo5aMJl2QIDEMdYGwz2mKyoxq5cI8SkXvwlOndeGWR5LlKIdY20O3sn0V57jsnm4y/hQ==}
    engines: {node: '>=18'}

  '@volcengine/openapi@1.36.2':
    resolution: {integrity: sha512-cJHvW5xefOPTmtIuDHKLYmSfDdTdtdcT77RWo9yf8eHD+Md8Qtgps2vWkf+t0aNblWViEbcrZT06Ji4oksP8AA==}
    engines: {node: '>=12'}

  '@volcengine/sdk-core@1.0.2':
    resolution: {integrity: sha512-tAJ4jPz7Wet90IZf0f6Hi2Iw5Xd6PaTTePTE++01k+yAvvkbV0bPMbfmyzEKZiW6SWdxKHAVNaZDWg0F508viw==}
    engines: {node: '>=18'}

  agent-base@6.0.0:
    resolution: {integrity: sha512-j1Q7cSCqN+AwrmDd+pzgqc0/NpC655x2bUf5ZjRIO77DcNBFmh+OgRNzF6OKdCC9RSCb19fGd99+bhXFdkRNqw==}
    engines: {node: '>= 6.0.0'}

  asynckit@0.4.0:
    resolution: {integrity: sha512-Oei9OH4tRh0YqU3GxhX79dM/mwVgvbZJaSNaRk+bshkj0S5cfHcgYakreBjrHwatXKbz+IoIdYLxrKim2MjW0Q==}

  axios@0.21.1:
    resolution: {integrity: sha512-dKQiRHxGD9PPRIUNIWvZhPTPpl1rf/OxTYKsqKUDjBwYylTvV7SjSHJb9ratfyzM6wCdLCOYLzs73qpg5c4iGA==}

  axios@1.20.0:
    resolution: {integrity: sha512-r8aOh8j9cGKpgQAqpzrUHnSIc6a59Y3Xf/cv8sy1DrHCkZHzQGEuoq1tARk6qSyDdtQGSDgpb9kFlruzPvrgwg==}

  call-bind-apply-helpers@1.0.2:
    resolution: {integrity: sha512-Sp1ablJ0ivDkSzjcaJdxEunN5/XvksFJ2sMBFfq6x0ryhQV/2b/KwFe21cMpmHtPOSij8K99/wSfoEuTObmuMQ==}
    engines: {node: '>= 0.4'}

  combined-stream@1.0.8:
    resolution: {integrity: sha512-FQN4MRfuJeHf7cBbBMJFXhKSDq+2kAArBlmRBvcvFE5BB1HZKXtSFASDhdlz9zOYwxh8lDdnvmMOe/+5cdoEdg==}
    engines: {node: '>= 0.8'}

  crc@4.3.2:
    resolution: {integrity: sha512-uGDHf4KLLh2zsHa8D8hIQ1H/HtFQhyHrc0uhHBcoKGol/Xnb+MPYfUMw7cvON6ze/GUESTudKayDcJC5HnJv1A==}
    engines: {node: '>=12'}
    peerDependencies:
      buffer: '>=6.0.3'
    peerDependenciesMeta:
      buffer:
        optional: true

  crypto-js@4.2.0:
    resolution: {integrity: sha512-KALDyEYgpY+Rlob/iriUtjV6d5Eq+Y191A5g4UqLAi8CyGP9N1+FdVbkc1SxKc2r4YAYqG8JzO2KGL+AizD70Q==}
    deprecated: Active development of CryptoJS has been discontinued. This library is no longer maintained.

  dayjs@1.11.23:
    resolution: {integrity: sha512-QDTCU0M0MxR3hQfnlDJfwekQiaanm1ubOD231u73WBckQ/fsamwRLiE2GBz6D3a/xF1NgfiDLJjXBa1hYOYTtQ==}

  debug@4.4.3:
    resolution: {integrity: sha512-RGwwWnwQvkVfavKVt22FGLw+xYSdzARwm0ru6DhTVA3umU5hZc28V3kO4stgYryrTlLpuvgI9GiijltAjNbcqA==}
    engines: {node: '>=6.0'}
    peerDependencies:
      supports-color: '*'
    peerDependenciesMeta:
      supports-color:
        optional: true

  delayed-stream@1.0.0:
    resolution: {integrity: sha512-ZySD7Nf91aLB0RxL4KGrKHBXl7Eds1DAmEdcoVawXnLD7SDhpNgtuII2aAkg7a7QS41jxPSZ17p4VdGnMHk3MQ==}
    engines: {node: '>=0.4.0'}

  dunder-proto@1.0.1:
    resolution: {integrity: sha512-KIN/nDJBQRcXw0MLVhZE9iQHmG68qAVIBg9CqmUYjmQIhgij9U5MFvrqkUL5FbtyyzZuOeOt0zdeRe4UY7ct+A==}
    engines: {node: '>= 0.4'}

  es-define-property@1.0.1:
    resolution: {integrity: sha512-e3nRfgfUZ4rNGL232gUgX06QNyyez04KdjFrF+LTRoOXmrOgFKDg4BCdsjW8EnT69eqdYGmRpJwiPVYNrCaW3g==}
    engines: {node: '>= 0.4'}

  es-errors@1.3.0:
    resolution: {integrity: sha512-Zf5H2Kxt2xjTvbJvP2ZWLEICxA6j+hAmMzIlypy4xcBg1vKVnx89Wy0GbS+kf5cwCVFFzdCFh2XSCFNULS6csw==}
    engines: {node: '>= 0.4'}

  es-object-atoms@1.1.2:
    resolution: {integrity: sha512-HWcBoN6NileqtSydK2FqHbS/LoDd2pqrnQHLyJzBj4kOp/ky2MWMN694xOfkK8/SnUsW2DH7EfyVlydKCsm1Zw==}
    engines: {node: '>= 0.4'}

  es-set-tostringtag@2.1.0:
    resolution: {integrity: sha512-j6vWzfrGVfyXxge+O0x5sh6cvxAog0a/4Rdd2K36zCMV5eJ+/+tOAngRO8cODMNWbVRdVlmGZQL2YS3yR8bIUA==}
    engines: {node: '>= 0.4'}

  eventsource-parser@3.1.1:
    resolution: {integrity: sha512-EKN1vKAMcZ8MlYMpaNuxN6R9yakzH6uajHcHVTqWJzvu5pWw9DyhbP35HH8MVBQ+dZjAfDxk+A8NiR9KWaXiyQ==}
    engines: {node: '>=18.0.0'}

  follow-redirects@1.16.0:
    resolution: {integrity: sha512-y5rN/uOsadFT/JfYwhxRS5R7Qce+g3zG97+JrtFZlC9klX/W5hD7iiLzScI4nZqUS7DNUdhPgw4xI8W2LuXlUw==}
    engines: {node: '>=4.0'}
    peerDependencies:
      debug: '*'
    peerDependenciesMeta:
      debug:
        optional: true

  form-data@3.0.5:
    resolution: {integrity: sha512-j23EibVLnp4zNXGW7LjryXYa2X6U/M96yoOX+ybZxwkYajdxRNEqYY3zhh7y0i6kfISKS2jr+EJq1YTUDEv5+w==}
    engines: {node: '>= 6'}

  form-data@4.0.6:
    resolution: {integrity: sha512-vKatAh4SlVfgbv+YtmhiRjhEMJsYpsG1Y2rMQtR+SVSbytsSD1YGzDIcrAJmdFec88u/+VoGmxnl+80gL1tRCQ==}
    engines: {node: '>= 6'}

  function-bind@1.1.2:
    resolution: {integrity: sha512-7XHNxH7qX9xG5mIwxkhumTox/MIRNcOgDrxWsMt2pAr23WHp6MrRlN7FBSFpCpr+oVO0F744iUgR82nJMfG2SA==}

  get-intrinsic@1.3.0:
    resolution: {integrity: sha512-9fSjSaos/fRIVIp+xSJlE6lfwhES7LNtKaCBIamHsjr2na1BiABJPo0mOjjz8GJDURarmCPGqaiVg5mfjb98CQ==}
    engines: {node: '>= 0.4'}

  get-proto@1.0.1:
    resolution: {integrity: sha512-sTSfBjoXBp89JvIKIefqw7U2CCebsc74kiY6awiGogKtoSGbgjYE/G/+l9sF3MWFPNc9IcoOC4ODfKHfxFmp0g==}
    engines: {node: '>= 0.4'}

  gopd@1.2.0:
    resolution: {integrity: sha512-ZUKRh6/kUFoAiTAtTYPZJ3hw9wNxx+BIBOijnlG9PnrJsCcSjs1wyyD6vJpaYtgnzDrKYRSqf3OO6Rfa93xsRg==}
    engines: {node: '>= 0.4'}

  has-symbols@1.1.0:
    resolution: {integrity: sha512-1cDNdwJ2Jaohmb3sg4OmKaMBwuC48sYni5HUw2DvsC8LjGTLK9h+eb1X6RyuOHe4hT0ULCW68iomhjUoKUqlPQ==}
    engines: {node: '>= 0.4'}

  has-tostringtag@1.0.2:
    resolution: {integrity: sha512-NqADB8VjPFLM2V0VvHUewwwsw0ZWBaIdgo+ieHtK3hasLz4qeCRjYcqfB6AQrBggRKppKF8L52/VqdVsO47Dlw==}
    engines: {node: '>= 0.4'}

  hasown@2.0.4:
    resolution: {integrity: sha512-T2UbfbBEF32wiepXIsMlTW9+dDYC6wMh/t/vYA4tuOMKqWz/n3vr1NFSxQiyP+zk2mXsoMA/i/7qV6LKut1t1A==}
    engines: {node: '>= 0.4'}

  https-proxy-agent@5.0.1:
    resolution: {integrity: sha512-dFcAjpTQFgoLMzC2VwU+C/CbS7uRL0lWmxDITmqm7C+7F0Odmj6s9l6alZc6AELXhrnggM2CeWSXHGOdX2YtwA==}
    engines: {node: '>= 6'}

  js-tokens@3.0.0:
    resolution: {integrity: sha512-poXEQHPMmTrYZuJgNRll2sbc3kJsSU1m/g1Q93IE6txNj3p6xOOOmdj1G/zCVGawYSPzTkSoWGg1otqbeqKJeg==}

  lodash.get@4.4.2:
    resolution: {integrity: sha512-z+Uw/vLuy6gQe8cfaFWD7p0wVv8fJl3mbzXh33RS+0oW2wvUqiRXiQ69gLWSLpgB5/6sU+r6BlQR0MBILadqTQ==}
    deprecated: This package is deprecated. Use the optional chaining (?.) operator instead.

  long@5.3.2:
    resolution: {integrity: sha512-mNAgZ1GmyNhD7AuqnTG3/VQ26o760+ZYBPKjPvugO8+nLbYfX6TVpJPseBvopbdY+qpZ/lKUnmEc1LeZYS3QAA==}

  loose-envify@1.4.0:
    resolution: {integrity: sha512-lyuxPGr/Wfhrlem2CL/UcnUc1zcqKAImBDzukY7Y5F/yQiNdko6+fRLevlw1HgMySw7f611UIY408EtxRSoK3Q==}
    hasBin: true

  math-intrinsics@1.1.0:
    resolution: {integrity: sha512-/IXtbwEk5HTPyEwyKX6hGkYXxM9nbj64B+ilVJnC/R6B0pH5G4V3b0pVbL7DBj4tkhBAppbQUlf6F6Xl9LHu1g==}
    engines: {node: '>= 0.4'}

  mime-db@1.52.0:
    resolution: {integrity: sha512-sPU4uV7dYlvtWJxwwxHD0PuihVNiE7TyAbQ5SWxDCB9mUYvOgroQOwYQQOKPJ8CIbE+1ETVlOoK1UC2nU3gYvg==}
    engines: {node: '>= 0.6'}

  mime-types@2.1.35:
    resolution: {integrity: sha512-ZDY+bPm5zTTF+YpCrAU9nK0UgICYPT0QtT1NZWFv4s++TNkcgVaT0g6+4R2uI4MjQjzysHB1zxuWL50hzaeXiw==}
    engines: {node: '>= 0.6'}

  ms@2.1.3:
    resolution: {integrity: sha512-6FlzubTLZG3J2a/NVCAleEhjzq5oxgHyaCU9yYXvcLsvoVaHJq/s5xXI6/XXP6tz7R9xAOtHnSO/tXtF3WRTlA==}

  p-limit@3.0.0:
    resolution: {integrity: sha512-2FnzNu8nBx8Se231yrvScYw34Is5J5MtvKOQt7Lii+DGpM89xnCT7kIH/HJwniNkQpjB7zy/O3LckEfMVqYvFg==}
    engines: {node: '>=10'}

  p-try@2.2.0:
    resolution: {integrity: sha512-R4nPAVTAU0B9D35/Gk3uJf/7XYbQcyohSKdvAxIRSNghFl4e71hVoGnBNQz9cWaXxO2I10KTC+3jMdvvoKw6dQ==}
    engines: {node: '>=6'}

  protobufjs@7.2.5:
    resolution: {integrity: sha512-gGXRSXvxQ7UiPgfw8gevrfRWcTlSbOFg+p/N+JVJEK5VhueL2miT6qTymqAmjr1Q5WbOCyJbyrk6JfWKwlFn6A==}
    engines: {node: '>=12.0.0'}

  proxy-from-env@2.1.0:
    resolution: {integrity: sha512-cJ+oHTW1VAEa8cJslgmUZrc+sjRKgAKl3Zyse6+PV38hZe/V6Z14TbCuXcan9F9ghlz4QrFr2c92TNF82UkYHA==}
    engines: {node: '>=10'}

  react-dom@18.3.1:
    resolution: {integrity: sha512-5m4nQKp+rZRb09LNH59GM4BxTh9251/ylbKIbpe7TpGxfJ+9kv6BLkLBXIjjspbgbnIBNqlI23tRnTWT0snUIw==}
    peerDependencies:
      react: ^18.3.1

  react@18.3.1:
    resolution: {integrity: sha512-wS+hAgJShR0KhEvPJArfuPVN1+Hz1t0Y6n5jLrGQbkb4urgPE/0Rve+1kMB1v/oWgHgm4WIcV+i7F2pTVj+2iQ==}
    engines: {node: '>=0.10.0'}

  scheduler@0.23.2:
    resolution: {integrity: sha512-UOShsPwz7NrMUqhR6t0hWjFduvOzbtv7toDH1/hIrfRNIDBnnBWd0CwJTGvTpngVlmwGCdP9/Zl/tVrDqcuYzQ==}

  undici-types@8.3.0:
    resolution: {integrity: sha512-j375ScV60dom+YkPFIfTLcOiPxkN/buHz5GobjLhixFuANaNs3C9l4GmrWqejgXWJ7BbJcFYpTEUkS1Ge8bpZQ==}

  uuid@13.0.2:
    resolution: {integrity: sha512-vzi9uRZ926x4XV73S/4qQaTwPXM2JBj6/6lI/byHH1jOpCzb0zDbfytgA9LcN/hzb2l7WQSQnxITOVx5un/wGw==}
    hasBin: true

  uuid@8.3.2:
    resolution: {integrity: sha512-+NYs2QeMWy+GWFOEm9xnn6HCDp0l7QBD7ml8zLUmJ+93Q5NF0NocErnwkTkXVFNiX3/fpC6afS8Dhb/gz7R7eg==}
    hasBin: true

snapshots:

  '@deepseek-ai/cordis@4.0.1':
    dependencies:
      '@deepseek-ai/cosmokit': 1.8.2
      '@standard-schema/spec': 1.1.0

  '@deepseek-ai/cosmokit@1.8.2': {}

  '@deepseek-ai/dsh-atomic-write@0.1.1-rc.2(@deepseek-ai/cordis@4.0.1)(@deepseek-ai/dsh-invariants@0.1.1-rc.2(@deepseek-ai/cordis@4.0.1))':
    dependencies:
      '@deepseek-ai/cordis': 4.0.1
      '@deepseek-ai/dsh-invariants': 0.1.1-rc.2(@deepseek-ai/cordis@4.0.1)

  '@deepseek-ai/dsh-attachment@0.1.1-rc.2(@deepseek-ai/cordis@4.0.1)(@deepseek-ai/dsh-brand@0.1.1-rc.2(@deepseek-ai/cordis@4.0.1)(@deepseek-ai/dsh-invariants@0.1.1-rc.2(@deepseek-ai/cordis@4.0.1)))(@deepseek-ai/dsh-invariants@0.1.1-rc.2(@deepseek-ai/cordis@4.0.1))':
    dependencies:
      '@deepseek-ai/cordis': 4.0.1
      '@deepseek-ai/dsh-brand': 0.1.1-rc.2(@deepseek-ai/cordis@4.0.1)(@deepseek-ai/dsh-invariants@0.1.1-rc.2(@deepseek-ai/cordis@4.0.1))
      '@deepseek-ai/dsh-invariants': 0.1.1-rc.2(@deepseek-ai/cordis@4.0.1)

  '@deepseek-ai/dsh-brand@0.1.1-rc.2(@deepseek-ai/cordis@4.0.1)(@deepseek-ai/dsh-invariants@0.1.1-rc.2(@deepseek-ai/cordis@4.0.1))':
    dependencies:
      '@deepseek-ai/cordis': 4.0.1
      '@deepseek-ai/dsh-invariants': 0.1.1-rc.2(@deepseek-ai/cordis@4.0.1)

  '@deepseek-ai/dsh-credentials@0.1.1-rc.2(@deepseek-ai/cordis@4.0.1)(@deepseek-ai/dsh-brand@0.1.1-rc.2(@deepseek-ai/cordis@4.0.1)(@deepseek-ai/dsh-invariants@0.1.1-rc.2(@deepseek-ai/cordis@4.0.1)))(@deepseek-ai/dsh-invariants@0.1.1-rc.2(@deepseek-ai/cordis@4.0.1))':
    dependencies:
      '@deepseek-ai/cordis': 4.0.1
      '@deepseek-ai/dsh-brand': 0.1.1-rc.2(@deepseek-ai/cordis@4.0.1)(@deepseek-ai/dsh-invariants@0.1.1-rc.2(@deepseek-ai/cordis@4.0.1))
      '@deepseek-ai/dsh-invariants': 0.1.1-rc.2(@deepseek-ai/cordis@4.0.1)

  '@deepseek-ai/dsh-home-paths@0.1.1-rc.2(@deepseek-ai/cordis@4.0.1)(@deepseek-ai/dsh-invariants@0.1.1-rc.2(@deepseek-ai/cordis@4.0.1))':
    dependencies:
      '@deepseek-ai/cordis': 4.0.1
      '@deepseek-ai/dsh-invariants': 0.1.1-rc.2(@deepseek-ai/cordis@4.0.1)

  '@deepseek-ai/dsh-invariants@0.1.1-rc.2(@deepseek-ai/cordis@4.0.1)':
    dependencies:
      '@deepseek-ai/cordis': 4.0.1
      '@deepseek-ai/schemastery': 3.18.1

  '@deepseek-ai/dsh-launch-environment@0.1.1-rc.2(@deepseek-ai/cordis@4.0.1)(@deepseek-ai/dsh-invariants@0.1.1-rc.2(@deepseek-ai/cordis@4.0.1))':
    dependencies:
      '@deepseek-ai/cordis': 4.0.1
      '@deepseek-ai/dsh-invariants': 0.1.1-rc.2(@deepseek-ai/cordis@4.0.1)

  '@deepseek-ai/dsh-llm@0.1.1-rc.2(@deepseek-ai/cordis@4.0.1)(@deepseek-ai/dsh-attachment@0.1.1-rc.2(@deepseek-ai/cordis@4.0.1)(@deepseek-ai/dsh-brand@0.1.1-rc.2(@deepseek-ai/cordis@4.0.1)(@deepseek-ai/dsh-invariants@0.1.1-rc.2(@deepseek-ai/cordis@4.0.1)))(@deepseek-ai/dsh-invariants@0.1.1-rc.2(@deepseek-ai/cordis@4.0.1)))(@deepseek-ai/dsh-brand@0.1.1-rc.2(@deepseek-ai/cordis@4.0.1)(@deepseek-ai/dsh-invariants@0.1.1-rc.2(@deepseek-ai/cordis@4.0.1)))(@deepseek-ai/dsh-invariants@0.1.1-rc.2(@deepseek-ai/cordis@4.0.1))(@deepseek-ai/dsh-timeout@0.1.1-rc.2(@deepseek-ai/cordis@4.0.1)(@deepseek-ai/dsh-invariants@0.1.1-rc.2(@deepseek-ai/cordis@4.0.1)))':
    dependencies:
      '@deepseek-ai/cordis': 4.0.1
      '@deepseek-ai/dsh-attachment': 0.1.1-rc.2(@deepseek-ai/cordis@4.0.1)(@deepseek-ai/dsh-brand@0.1.1-rc.2(@deepseek-ai/cordis@4.0.1)(@deepseek-ai/dsh-invariants@0.1.1-rc.2(@deepseek-ai/cordis@4.0.1)))(@deepseek-ai/dsh-invariants@0.1.1-rc.2(@deepseek-ai/cordis@4.0.1))
      '@deepseek-ai/dsh-brand': 0.1.1-rc.2(@deepseek-ai/cordis@4.0.1)(@deepseek-ai/dsh-invariants@0.1.1-rc.2(@deepseek-ai/cordis@4.0.1))
      '@deepseek-ai/dsh-invariants': 0.1.1-rc.2(@deepseek-ai/cordis@4.0.1)
      '@deepseek-ai/dsh-timeout': 0.1.1-rc.2(@deepseek-ai/cordis@4.0.1)(@deepseek-ai/dsh-invariants@0.1.1-rc.2(@deepseek-ai/cordis@4.0.1))
      '@deepseek-ai/schemastery': 3.18.1

  '@deepseek-ai/dsh-settings@0.1.1-rc.2(@deepseek-ai/cordis@4.0.1)(@deepseek-ai/dsh-brand@0.1.1-rc.2(@deepseek-ai/cordis@4.0.1)(@deepseek-ai/dsh-invariants@0.1.1-rc.2(@deepseek-ai/cordis@4.0.1)))(@deepseek-ai/dsh-invariants@0.1.1-rc.2(@deepseek-ai/cordis@4.0.1))(@deepseek-ai/schemastery@3.18.1)':
    dependencies:
      '@deepseek-ai/cordis': 4.0.1
      '@deepseek-ai/dsh-brand': 0.1.1-rc.2(@deepseek-ai/cordis@4.0.1)(@deepseek-ai/dsh-invariants@0.1.1-rc.2(@deepseek-ai/cordis@4.0.1))
      '@deepseek-ai/dsh-invariants': 0.1.1-rc.2(@deepseek-ai/cordis@4.0.1)
      '@deepseek-ai/schemastery': 3.18.1

  '@deepseek-ai/dsh-timeout@0.1.1-rc.2(@deepseek-ai/cordis@4.0.1)(@deepseek-ai/dsh-invariants@0.1.1-rc.2(@deepseek-ai/cordis@4.0.1))':
    dependencies:
      '@deepseek-ai/cordis': 4.0.1
      '@deepseek-ai/dsh-invariants': 0.1.1-rc.2(@deepseek-ai/cordis@4.0.1)

  '@deepseek-ai/schemastery@3.18.1':
    dependencies:
      '@deepseek-ai/cosmokit': 1.8.2
      '@standard-schema/spec': 1.1.0

  '@protobufjs/aspromise@1.1.2': {}

  '@protobufjs/base64@1.1.2': {}

  '@protobufjs/codegen@2.0.5': {}

  '@protobufjs/eventemitter@1.1.1': {}

  '@protobufjs/fetch@1.1.1':
    dependencies:
      '@protobufjs/aspromise': 1.1.2

  '@protobufjs/float@1.0.2': {}

  '@protobufjs/inquire@1.1.2': {}

  '@protobufjs/path@1.1.2': {}

  '@protobufjs/pool@1.1.0': {}

  '@protobufjs/utf8@1.1.2': {}

  '@standard-schema/spec@1.1.0': {}

  '@types/node@26.4.0':
    dependencies:
      undici-types: 8.3.0

  '@volcengine/ark-runtime@1.0.10(debug@4.4.3)':
    dependencies:
      '@volcengine/ark': 1.0.3(debug@4.4.3)
      axios: 1.20.0(debug@4.4.3)
    transitivePeerDependencies:
      - buffer
      - debug
      - supports-color

  '@volcengine/ark@1.0.3(debug@4.4.3)':
    dependencies:
      '@volcengine/sdk-core': 1.0.2(debug@4.4.3)
    transitivePeerDependencies:
      - buffer
      - debug
      - supports-color

  '@volcengine/openapi@1.36.2':
    dependencies:
      axios: 0.21.1(debug@4.4.3)
      crc: 4.3.2
      crypto-js: 4.2.0
      dayjs: 1.11.23
      debug: 4.4.3
      form-data: 3.0.5
      lodash.get: 4.4.2
      p-limit: 3.0.0
      protobufjs: 7.2.5
      uuid: 8.3.2
    transitivePeerDependencies:
      - buffer
      - supports-color

  '@volcengine/sdk-core@1.0.2(debug@4.4.3)':
    dependencies:
      '@volcengine/openapi': 1.36.2
      axios: 1.20.0(debug@4.4.3)
      uuid: 13.0.2
    transitivePeerDependencies:
      - buffer
      - debug
      - supports-color

  agent-base@6.0.0:
    dependencies:
      debug: 4.4.3
    transitivePeerDependencies:
      - supports-color

  asynckit@0.4.0: {}

  axios@0.21.1(debug@4.4.3):
    dependencies:
      follow-redirects: 1.16.0(debug@4.4.3)
    transitivePeerDependencies:
      - debug

  axios@1.20.0(debug@4.4.3):
    dependencies:
      follow-redirects: 1.16.0(debug@4.4.3)
      form-data: 4.0.6
      https-proxy-agent: 5.0.1
      proxy-from-env: 2.1.0
    transitivePeerDependencies:
      - debug
      - supports-color

  call-bind-apply-helpers@1.0.2:
    dependencies:
      es-errors: 1.3.0
      function-bind: 1.1.2

  combined-stream@1.0.8:
    dependencies:
      delayed-stream: 1.0.0

  crc@4.3.2: {}

  crypto-js@4.2.0: {}

  dayjs@1.11.23: {}

  debug@4.4.3:
    dependencies:
      ms: 2.1.3

  delayed-stream@1.0.0: {}

  dunder-proto@1.0.1:
    dependencies:
      call-bind-apply-helpers: 1.0.2
      es-errors: 1.3.0
      gopd: 1.2.0

  es-define-property@1.0.1: {}

  es-errors@1.3.0: {}

  es-object-atoms@1.1.2:
    dependencies:
      es-errors: 1.3.0

  es-set-tostringtag@2.1.0:
    dependencies:
      es-errors: 1.3.0
      get-intrinsic: 1.3.0
      has-tostringtag: 1.0.2
      hasown: 2.0.4

  eventsource-parser@3.1.1: {}

  follow-redirects@1.16.0(debug@4.4.3):
    optionalDependencies:
      debug: 4.4.3

  form-data@3.0.5:
    dependencies:
      asynckit: 0.4.0
      combined-stream: 1.0.8
      es-set-tostringtag: 2.1.0
      hasown: 2.0.4
      mime-types: 2.1.35

  form-data@4.0.6:
    dependencies:
      asynckit: 0.4.0
      combined-stream: 1.0.8
      es-set-tostringtag: 2.1.0
      hasown: 2.0.4
      mime-types: 2.1.35

  function-bind@1.1.2: {}

  get-intrinsic@1.3.0:
    dependencies:
      call-bind-apply-helpers: 1.0.2
      es-define-property: 1.0.1
      es-errors: 1.3.0
      es-object-atoms: 1.1.2
      function-bind: 1.1.2
      get-proto: 1.0.1
      gopd: 1.2.0
      has-symbols: 1.1.0
      hasown: 2.0.4
      math-intrinsics: 1.1.0

  get-proto@1.0.1:
    dependencies:
      dunder-proto: 1.0.1
      es-object-atoms: 1.1.2

  gopd@1.2.0: {}

  has-symbols@1.1.0: {}

  has-tostringtag@1.0.2:
    dependencies:
      has-symbols: 1.1.0

  hasown@2.0.4:
    dependencies:
      function-bind: 1.1.2

  https-proxy-agent@5.0.1:
    dependencies:
      agent-base: 6.0.0
      debug: 4.4.3
    transitivePeerDependencies:
      - supports-color

  js-tokens@3.0.0: {}

  lodash.get@4.4.2: {}

  long@5.3.2: {}

  loose-envify@1.4.0:
    dependencies:
      js-tokens: 3.0.0

  math-intrinsics@1.1.0: {}

  mime-db@1.52.0: {}

  mime-types@2.1.35:
    dependencies:
      mime-db: 1.52.0

  ms@2.1.3: {}

  p-limit@3.0.0:
    dependencies:
      p-try: 2.2.0

  p-try@2.2.0: {}

  protobufjs@7.2.5:
    dependencies:
      '@protobufjs/aspromise': 1.1.2
      '@protobufjs/base64': 1.1.2
      '@protobufjs/codegen': 2.0.5
      '@protobufjs/eventemitter': 1.1.1
      '@protobufjs/fetch': 1.1.1
      '@protobufjs/float': 1.0.2
      '@protobufjs/inquire': 1.1.2
      '@protobufjs/path': 1.1.2
      '@protobufjs/pool': 1.1.0
      '@protobufjs/utf8': 1.1.2
      '@types/node': 26.4.0
      long: 5.3.2

  proxy-from-env@2.1.0: {}

  react-dom@18.3.1(react@18.3.1):
    dependencies:
      loose-envify: 1.4.0
      react: 18.3.1
      scheduler: 0.23.2

  react@18.3.1:
    dependencies:
      loose-envify: 1.4.0

  scheduler@0.23.2:
    dependencies:
      loose-envify: 1.4.0

  undici-types@8.3.0: {}

  uuid@13.0.2: {}

  uuid@8.3.2: {}
